
Microsoft Visual Studio Solution File, Format Version 12.00
# Visual Studio Version 17
VisualStudioVersion = 17.7.34202.233
MinimumVisualStudioVersion = 10.0.40219.1
Project("{8BC9CEB8-8B4A-11D0-8D11-00A0C91BC942}") = "Treble", "Treble\Treble.vcxproj", "{A71A96AF-1A93-4D7B-BCEE-9C6CA1B79A48}"
EndProject
Global
	GlobalSection(SolutionConfigurationPlatforms) = preSolution
		Debug|x64 = Debug|x64
		Release|x64 = Release|x64
	EndGlobalSection
	GlobalSection(ProjectConfigurationPlatforms) = postSolution
		{A71A96AF-1A93-4D7B-BCEE-9C6CA1B79A48}.Debug|x64.ActiveCfg = Debug|x64
		{A71A96AF-1A93-4D7B-BCEE-9C6CA1B79A48}.Debug|x64.Build.0 = Debug|x64
		{A71A96AF-1A93-4D7B-BCEE-9C6CA1B79A48}.Release|x64.ActiveCfg = Release|x64
		{A71A96AF-1A93-4D7B-BCEE-9C6CA1B79A48}.Release|x64.Build.0 = Release|x64
	EndGlobalSection
	GlobalSection(SolutionProperties) = preSolution
		HideSolutionNode = FALSE
	EndGlobalSection
	GlobalSection(ExtensibilityGlobals) = postSolution
		SolutionGuid = {2C0BF222-D73A-4EE9-BCD8-B8BC5CD97538}
	EndGlobalSection
EndGlobal
